PODS:
  - "app_settings (3.0.0+1)":
    - Flutter
  - Bolts (1.9.1):
    - Bolts/AppLinks (= 1.9.1)
    - Bolts/Tasks (= 1.9.1)
  - Bolts/AppLinks (1.9.1):
    - Bolts/Tasks
  - Bolts/Tasks (1.9.1)
  - cloud_firestore (0.14.3):
    - Firebase/CoreOnly (~> 6.33.0)
    - Firebase/Firestore (~> 6.33.0)
    - firebase_core
    - Flutter
  - FBSDKCoreKit (4.39.1):
    - Bolts (~> 1.9)
  - FBSDKLoginKit (4.39.1):
    - FBSDKCoreKit
  - Firebase/Auth (6.33.0):
    - Firebase/CoreOnly
    - FirebaseAuth (~> 6.9.2)
  - Firebase/CoreOnly (6.33.0):
    - FirebaseCore (= 6.10.3)
  - Firebase/Firestore (6.33.0):
    - Firebase/CoreOnly
    - FirebaseFirestore (~> 1.18.0)
  - Firebase/Messaging (6.33.0):
    - Firebase/CoreOnly
    - FirebaseMessaging (~> 4.7.0)
  - Firebase/Storage (6.33.0):
    - Firebase/CoreOnly
    - FirebaseStorage (~> 3.9.0)
  - firebase_auth (0.18.3):
    - Firebase/Auth (~> 6.33.0)
    - Firebase/CoreOnly (~> 6.33.0)
    - firebase_core
    - Flutter
  - firebase_core (0.5.2):
    - Firebase/CoreOnly (~> 6.33.0)
    - Flutter
  - firebase_messaging (7.0.3):
    - Firebase/CoreOnly (~> 6.33.0)
    - Firebase/Messaging (~> 6.33.0)
    - firebase_core
    - Flutter
  - firebase_storage (4.0.1):
    - Firebase/CoreOnly (~> 6.33.0)
    - Firebase/Storage (~> 6.33.0)
    - firebase_core
    - Flutter
  - FirebaseAuth (6.9.2):
    - FirebaseCore (~> 6.10)
    - GoogleUtilities/AppDelegateSwizzler (~> 6.7)
    - GoogleUtilities/Environment (~> 6.7)
    - GTMSessionFetcher/Core (~> 1.1)
  - FirebaseCore (6.10.3):
    - FirebaseCoreDiagnostics (~> 1.6)
    - GoogleUtilities/Environment (~> 6.7)
    - GoogleUtilities/Logger (~> 6.7)
  - FirebaseCoreDiagnostics (1.7.0):
    - GoogleDataTransport (~> 7.4)
    - GoogleUtilities/Environment (~> 6.7)
    - GoogleUtilities/Logger (~> 6.7)
    - nanopb (~> 1.30906.0)
  - FirebaseFirestore (1.18.0)
  - FirebaseInstallations (1.7.0):
    - FirebaseCore (~> 6.10)
    - GoogleUtilities/Environment (~> 6.7)
    - GoogleUtilities/UserDefaults (~> 6.7)
    - PromisesObjC (~> 1.2)
  - FirebaseInstanceID (4.8.0):
    - FirebaseCore (~> 6.10)
    - FirebaseInstallations (~> 1.6)
    - GoogleUtilities/Environment (~> 6.7)
    - GoogleUtilities/UserDefaults (~> 6.7)
  - FirebaseMessaging (4.7.1):
    - FirebaseCore (~> 6.10)
    - FirebaseInstanceID (~> 4.7)
    - GoogleUtilities/AppDelegateSwizzler (~> 6.7)
    - GoogleUtilities/Environment (~> 6.7)
    - GoogleUtilities/Reachability (~> 6.7)
    - GoogleUtilities/UserDefaults (~> 6.7)
    - Protobuf (>= 3.9.2, ~> 3.9)
  - FirebaseStorage (3.9.1):
    - FirebaseCore (~> 6.10)
    - GTMSessionFetcher/Core (~> 1.1)
  - Flutter (1.0.0)
  - flutter_facebook_login (0.0.1):
    - FBSDKCoreKit (= 4.39.1)
    - FBSDKLoginKit (= 4.39.1)
    - Flutter
  - FMDB (2.7.5):
    - FMDB/standard (= 2.7.5)
  - FMDB/standard (2.7.5)
  - geoflutterfire (0.0.1):
    - Flutter
  - "geolocator (6.0.0+4)":
    - Flutter
  - google_maps_flutter (0.0.1):
    - Flutter
    - GoogleMaps (< 3.10)
  - GoogleDataTransport (7.5.1):
    - nanopb (~> 1.30906.0)
  - GoogleMaps (3.9.0):
    - GoogleMaps/Maps (= 3.9.0)
  - GoogleMaps/Base (3.9.0)
  - GoogleMaps/Maps (3.9.0):
    - GoogleMaps/Base
  - GoogleUtilities/AppDelegateSwizzler (6.7.2):
    - GoogleUtilities/Environment
    - GoogleUtilities/Logger
    - GoogleUtilities/Network
  - GoogleUtilities/Environment (6.7.2):
    - PromisesObjC (~> 1.2)
  - GoogleUtilities/Logger (6.7.2):
    - GoogleUtilities/Environment
  - GoogleUtilities/Network (6.7.2):
    - GoogleUtilities/Logger
    - "GoogleUtilities/NSData+zlib"
    - GoogleUtilities/Reachability
  - "GoogleUtilities/NSData+zlib (6.7.2)"
  - GoogleUtilities/Reachability (6.7.2):
    - GoogleUtilities/Logger
  - GoogleUtilities/UserDefaults (6.7.2):
    - GoogleUtilities/Logger
  - GTMSessionFetcher/Core (1.5.0)
  - image_cropper (0.0.3):
    - Flutter
    - TOCropViewController (~> 2.5.4)
  - image_picker (0.0.1):
    - Flutter
  - location (0.0.1):
    - Flutter
  - nanopb (1.30906.0):
    - nanopb/decode (= 1.30906.0)
    - nanopb/encode (= 1.30906.0)
  - nanopb/decode (1.30906.0)
  - nanopb/encode (1.30906.0)
  - notification_permissions (0.4.4):
    - Flutter
  - path_provider (0.0.1):
    - Flutter
  - "permission_handler (5.0.1+1)":
    - Flutter
  - PromisesObjC (1.2.11)
  - Protobuf (3.13.0)
  - shared_preferences (0.0.1):
    - Flutter
  - sqflite (0.0.2):
    - Flutter
    - FMDB (>= 2.7.5)
  - TOCropViewController (2.5.5)

DEPENDENCIES:
  - app_settings (from `.symlinks/plugins/app_settings/ios`)
  - cloud_firestore (from `.symlinks/plugins/cloud_firestore/ios`)
  - firebase_auth (from `.symlinks/plugins/firebase_auth/ios`)
  - firebase_core (from `.symlinks/plugins/firebase_core/ios`)
  - firebase_messaging (from `.symlinks/plugins/firebase_messaging/ios`)
  - firebase_storage (from `.symlinks/plugins/firebase_storage/ios`)
  - FirebaseFirestore (from `https://github.com/invertase/firestore-ios-sdk-frameworks.git`, tag `6.33.0`)
  - Flutter (from `Flutter`)
  - flutter_facebook_login (from `.symlinks/plugins/flutter_facebook_login/ios`)
  - geoflutterfire (from `.symlinks/plugins/geoflutterfire/ios`)
  - geolocator (from `.symlinks/plugins/geolocator/ios`)
  - google_maps_flutter (from `.symlinks/plugins/google_maps_flutter/ios`)
  - image_cropper (from `.symlinks/plugins/image_cropper/ios`)
  - image_picker (from `.symlinks/plugins/image_picker/ios`)
  - location (from `.symlinks/plugins/location/ios`)
  - notification_permissions (from `.symlinks/plugins/notification_permissions/ios`)
  - path_provider (from `.symlinks/plugins/path_provider/ios`)
  - permission_handler (from `.symlinks/plugins/permission_handler/ios`)
  - shared_preferences (from `.symlinks/plugins/shared_preferences/ios`)
  - sqflite (from `.symlinks/plugins/sqflite/ios`)

SPEC REPOS:
  trunk:
    - Bolts
    - FBSDKCoreKit
    - FBSDKLoginKit
    - Firebase
    - FirebaseAuth
    - FirebaseCore
    - FirebaseCoreDiagnostics
    - FirebaseInstallations
    - FirebaseInstanceID
    - FirebaseMessaging
    - FirebaseStorage
    - FMDB
    - GoogleDataTransport
    - GoogleMaps
    - GoogleUtilities
    - GTMSessionFetcher
    - nanopb
    - PromisesObjC
    - Protobuf
    - TOCropViewController

EXTERNAL SOURCES:
  app_settings:
    :path: ".symlinks/plugins/app_settings/ios"
  cloud_firestore:
    :path: ".symlinks/plugins/cloud_firestore/ios"
  firebase_auth:
    :path: ".symlinks/plugins/firebase_auth/ios"
  firebase_core:
    :path: ".symlinks/plugins/firebase_core/ios"
  firebase_messaging:
    :path: ".symlinks/plugins/firebase_messaging/ios"
  firebase_storage:
    :path: ".symlinks/plugins/firebase_storage/ios"
  FirebaseFirestore:
    :git: https://github.com/invertase/firestore-ios-sdk-frameworks.git
    :tag: 6.33.0
  Flutter:
    :path: Flutter
  flutter_facebook_login:
    :path: ".symlinks/plugins/flutter_facebook_login/ios"
  geoflutterfire:
    :path: ".symlinks/plugins/geoflutterfire/ios"
  geolocator:
    :path: ".symlinks/plugins/geolocator/ios"
  google_maps_flutter:
    :path: ".symlinks/plugins/google_maps_flutter/ios"
  image_cropper:
    :path: ".symlinks/plugins/image_cropper/ios"
  image_picker:
    :path: ".symlinks/plugins/image_picker/ios"
  location:
    :path: ".symlinks/plugins/location/ios"
  notification_permissions:
    :path: ".symlinks/plugins/notification_permissions/ios"
  path_provider:
    :path: ".symlinks/plugins/path_provider/ios"
  permission_handler:
    :path: ".symlinks/plugins/permission_handler/ios"
  shared_preferences:
    :path: ".symlinks/plugins/shared_preferences/ios"
  sqflite:
    :path: ".symlinks/plugins/sqflite/ios"

CHECKOUT OPTIONS:
  FirebaseFirestore:
    :git: https://github.com/invertase/firestore-ios-sdk-frameworks.git
    :tag: 6.33.0

SPEC CHECKSUMS:
  app_settings: d103828c9f5d515c4df9ee754dabd443f7cedcf3
  Bolts: 8c1e8aab2f603387b8b9924f57d1d64f43d3ffdc
  cloud_firestore: 19c6f947dd14be9d71695ea23eefde67cd8829c8
  FBSDKCoreKit: f442aa96179cc9b382bb4abeb7e340a47cca8f91
  FBSDKLoginKit: c3079d9a4db27c492287b1eed7a4272b28cf8a59
  Firebase: 8db6f2d1b2c5e2984efba4949a145875a8f65fe5
  firebase_auth: 240419f6b00dea39c60a2a9c4379c16c4a4b02fb
  firebase_core: 350ba329d1641211bc6183a3236893cafdacfea7
  firebase_messaging: 0aea2cd5885b65e19ede58ee3507f485c992cc75
  firebase_storage: 7ab602a75a80cab746f4f31c98a4927f9f376e92
  FirebaseAuth: c92d49ada7948d1a23466e3db17bc4c2039dddc3
  FirebaseCore: d889d9e12535b7f36ac8bfbf1713a0836a3012cd
  FirebaseCoreDiagnostics: 770ac5958e1372ce67959ae4b4f31d8e127c3ac1
  FirebaseFirestore: 4e00bcfe64c4cb493124b87e249abe6c580403c7
  FirebaseInstallations: 466c7b4d1f58fe16707693091da253726a731ed2
  FirebaseInstanceID: bd3ffc24367f901a43c063b36c640b345a4a5dd1
  FirebaseMessaging: 5eca4ef173de76253352511aafef774caa1cba2a
  FirebaseStorage: 15e0f15ef3c7fec3d1899d68623e47d4447066b4
  Flutter: 0e3d915762c693b495b44d77113d4970485de6ec
  flutter_facebook_login: be61e24a4b7d621515353c6b4583d1981bdaa3d6
  FMDB: 2ce00b547f966261cd18927a3ddb07cb6f3db82a
  geoflutterfire: 2a6493e01fb6eef1a6c9046b1baf9a943d0c5ffe
  geolocator: 1ae40084cc6c1586ce5ad12cfc3fd38c64d05f2f
  google_maps_flutter: c7f9c73576de1fbe152a227bfd6e6c4ae8088619
  GoogleDataTransport: f56af7caa4ed338dc8e138a5d7c5973e66440833
  GoogleMaps: 4b5346bddfe6911bb89155d43c903020170523ac
  GoogleUtilities: 7f2f5a07f888cdb145101d6042bc4422f57e70b3
  GTMSessionFetcher: b3503b20a988c4e20cc189aa798fd18220133f52
  image_cropper: c8f9b4157933c7bb965a66d1c5e6c8fd408c6eb4
  image_picker: 9c3312491f862b28d21ecd8fdf0ee14e601b3f09
  location: 3a2eed4dd2fab25e7b7baf2a9efefe82b512d740
  nanopb: 59317e09cf1f1a0af72f12af412d54edf52603fc
  notification_permissions: b74860c2967c1579243a675e63cd55e0ae75cef7
  path_provider: abfe2b5c733d04e238b0d8691db0cfd63a27a93c
  permission_handler: eac8e15b4a1a3fba55b761d19f3f4e6b005d15b6
  PromisesObjC: 8c196f5a328c2cba3e74624585467a557dcb482f
  Protobuf: 3dac39b34a08151c6d949560efe3f86134a3f748
  shared_preferences: af6bfa751691cdc24be3045c43ec037377ada40d
  sqflite: 6d358c025f5b867b29ed92fc697fd34924e11904
  TOCropViewController: da59f531f8ac8a94ef6d6c0fc34009350f9e8bfe

PODFILE CHECKSUM: eaff51ca43638a8ca4e3e3501746cef41786d218

COCOAPODS: 1.10.0
